
Microsoft Visual Studio Solution File, Format Version 11.00
# Visual Studio 2010
Project("{F184B08F-C81C-45F6-A57F-5ABD9991F28F}") = "LinkedListTestingByMaroofAli", "LinkedListTestingByMaroofAli\LinkedListTestingByMaroofAli.vbproj", "{163A3A2A-A361-4A2C-A8C3-C5F60B387CE5}"
EndProject
Global
	GlobalSection(SolutionConfigurationPlatforms) = preSolution
		Debug|x86 = Debug|x86
		Release|x86 = Release|x86
	EndGlobalSection
	GlobalSection(ProjectConfigurationPlatforms) = postSolution
		{163A3A2A-A361-4A2C-A8C3-C5F60B387CE5}.Debug|x86.ActiveCfg = Debug|x86
		{163A3A2A-A361-4A2C-A8C3-C5F60B387CE5}.Debug|x86.Build.0 = Debug|x86
		{163A3A2A-A361-4A2C-A8C3-C5F60B387CE5}.Release|x86.ActiveCfg = Release|x86
		{163A3A2A-A361-4A2C-A8C3-C5F60B387CE5}.Release|x86.Build.0 = Release|x86
	EndGlobalSection
	GlobalSection(SolutionProperties) = preSolution
		HideSolutionNode = FALSE
	EndGlobalSection
EndGlobal
