
Microsoft Visual Studio Solution File, Format Version 11.00
# Visual Studio 2010
Project("{F184B08F-C81C-45F6-A57F-5ABD9991F28F}") = "Passenger Vehicle Inheritance", "Passenger Vehicle Inheritance\Passenger Vehicle Inheritance.vbproj", "{D93D4F40-1953-4630-8703-F5FE6219435A}"
EndProject
Global
	GlobalSection(SolutionConfigurationPlatforms) = preSolution
		Debug|x86 = Debug|x86
		Release|x86 = Release|x86
	EndGlobalSection
	GlobalSection(ProjectConfigurationPlatforms) = postSolution
		{D93D4F40-1953-4630-8703-F5FE6219435A}.Debug|x86.ActiveCfg = Debug|x86
		{D93D4F40-1953-4630-8703-F5FE6219435A}.Debug|x86.Build.0 = Debug|x86
		{D93D4F40-1953-4630-8703-F5FE6219435A}.Release|x86.ActiveCfg = Release|x86
		{D93D4F40-1953-4630-8703-F5FE6219435A}.Release|x86.Build.0 = Release|x86
	EndGlobalSection
	GlobalSection(SolutionProperties) = preSolution
		HideSolutionNode = FALSE
	EndGlobalSection
EndGlobal
